
Microsoft Visual Studio Solution File, Format Version 12.00
# Visual Studio 15
VisualStudioVersion = 15.0.27703.2026
MinimumVisualStudioVersion = 10.0.40219.1
Project("{2150E333-8FDC-42A3-9474-1A3956D46DE8}") = "simple", "simple", "{559BA113-F842-42B0-B820-9AE2E38CA998}"
EndProject
Project("{2150E333-8FDC-42A3-9474-1A3956D46DE8}") = "src", "src", "{BEB5BA5C-5DCD-4385-B971-226884D0D143}"
EndProject
Project("{9A19103F-16F7-4668-BE54-9A1E7A4F7556}") = "RabbitMQ.Bus", "src\RabbitMQ.Bus\RabbitMQ.Bus.csproj", "{0D72E905-7D21-45AA-BA09-50F84724AA8C}"
EndProject
Project("{9A19103F-16F7-4668-BE54-9A1E7A4F7556}") = "RabbitMQ.Bus.Autofac", "src\RabbitMQ.Bus.Autofac\RabbitMQ.Bus.Autofac.csproj", "{F9E29D5D-BC4C-448E-8E3B-30EF7091628D}"
EndProject
Project("{9A19103F-16F7-4668-BE54-9A1E7A4F7556}") = "SendMessageWebAPI", "simple\SendMessageWebAPI\SendMessageWebAPI.csproj", "{A2FE3701-FB95-4F58-84EE-227861760897}"
EndProject
Project("{2150E333-8FDC-42A3-9474-1A3956D46DE8}") = "Solution Items", "Solution Items", "{A465C631-298B-4191-89C0-E0E8787BC674}"
	ProjectSection(SolutionItems) = preProject
		CHANGELOG.md = CHANGELOG.md
		LICENSE = LICENSE
		rabbitmq.bus.png = rabbitmq.bus.png
		README.md = README.md
	EndProjectSection
EndProject
Project("{2150E333-8FDC-42A3-9474-1A3956D46DE8}") = "Test", "Test", "{7D46A411-14D9-4A4E-BA0D-809E0B0F14E5}"
EndProject
Project("{FAE04EC0-301F-11D3-BF4B-00C04F79EFBC}") = "RabbitMQ.EventBus.AspNetCore.Butterfly", "src\RabbitMQ.EventBus.AspNetCore.Butterfly\RabbitMQ.EventBus.AspNetCore.Butterfly.csproj", "{EF015C92-FFE6-4BA9-925F-5332B8175EF4}"
EndProject
Project("{9A19103F-16F7-4668-BE54-9A1E7A4F7556}") = "RabbitMQ.EventBus.AspNetCore", "src\RabbitMQ.EventBus.AspNetCore\RabbitMQ.EventBus.AspNetCore.csproj", "{22A29AF7-5381-4C0D-A0D5-2C45B592285A}"
EndProject
Global
	GlobalSection(SolutionConfigurationPlatforms) = preSolution
		Debug|Any CPU = Debug|Any CPU
		Release|Any CPU = Release|Any CPU
	EndGlobalSection
	GlobalSection(ProjectConfigurationPlatforms) = postSolution
		{0D72E905-7D21-45AA-BA09-50F84724AA8C}.Debug|Any CPU.ActiveCfg = Debug|Any CPU
		{0D72E905-7D21-45AA-BA09-50F84724AA8C}.Debug|Any CPU.Build.0 = Debug|Any CPU
		{0D72E905-7D21-45AA-BA09-50F84724AA8C}.Release|Any CPU.ActiveCfg = Release|Any CPU
		{0D72E905-7D21-45AA-BA09-50F84724AA8C}.Release|Any CPU.Build.0 = Release|Any CPU
		{F9E29D5D-BC4C-448E-8E3B-30EF7091628D}.Debug|Any CPU.ActiveCfg = Debug|Any CPU
		{F9E29D5D-BC4C-448E-8E3B-30EF7091628D}.Debug|Any CPU.Build.0 = Debug|Any CPU
		{F9E29D5D-BC4C-448E-8E3B-30EF7091628D}.Release|Any CPU.ActiveCfg = Release|Any CPU
		{F9E29D5D-BC4C-448E-8E3B-30EF7091628D}.Release|Any CPU.Build.0 = Release|Any CPU
		{A2FE3701-FB95-4F58-84EE-227861760897}.Debug|Any CPU.ActiveCfg = Debug|Any CPU
		{A2FE3701-FB95-4F58-84EE-227861760897}.Debug|Any CPU.Build.0 = Debug|Any CPU
		{A2FE3701-FB95-4F58-84EE-227861760897}.Release|Any CPU.ActiveCfg = Release|Any CPU
		{A2FE3701-FB95-4F58-84EE-227861760897}.Release|Any CPU.Build.0 = Release|Any CPU
		{EF015C92-FFE6-4BA9-925F-5332B8175EF4}.Debug|Any CPU.ActiveCfg = Debug|Any CPU
		{EF015C92-FFE6-4BA9-925F-5332B8175EF4}.Debug|Any CPU.Build.0 = Debug|Any CPU
		{EF015C92-FFE6-4BA9-925F-5332B8175EF4}.Release|Any CPU.ActiveCfg = Release|Any CPU
		{EF015C92-FFE6-4BA9-925F-5332B8175EF4}.Release|Any CPU.Build.0 = Release|Any CPU
		{22A29AF7-5381-4C0D-A0D5-2C45B592285A}.Debug|Any CPU.ActiveCfg = Debug|Any CPU
		{22A29AF7-5381-4C0D-A0D5-2C45B592285A}.Debug|Any CPU.Build.0 = Debug|Any CPU
		{22A29AF7-5381-4C0D-A0D5-2C45B592285A}.Release|Any CPU.ActiveCfg = Release|Any CPU
		{22A29AF7-5381-4C0D-A0D5-2C45B592285A}.Release|Any CPU.Build.0 = Release|Any CPU
	EndGlobalSection
	GlobalSection(SolutionProperties) = preSolution
		HideSolutionNode = FALSE
	EndGlobalSection
	GlobalSection(NestedProjects) = preSolution
		{0D72E905-7D21-45AA-BA09-50F84724AA8C} = {BEB5BA5C-5DCD-4385-B971-226884D0D143}
		{F9E29D5D-BC4C-448E-8E3B-30EF7091628D} = {BEB5BA5C-5DCD-4385-B971-226884D0D143}
		{A2FE3701-FB95-4F58-84EE-227861760897} = {559BA113-F842-42B0-B820-9AE2E38CA998}
		{EF015C92-FFE6-4BA9-925F-5332B8175EF4} = {BEB5BA5C-5DCD-4385-B971-226884D0D143}
		{22A29AF7-5381-4C0D-A0D5-2C45B592285A} = {BEB5BA5C-5DCD-4385-B971-226884D0D143}
	EndGlobalSection
	GlobalSection(ExtensibilityGlobals) = postSolution
		SolutionGuid = {3B991446-44EF-40F2-BD9E-38792DAB155A}
	EndGlobalSection
EndGlobal
